
Microsoft Visual Studio Solution File, Format Version 12.00
# Visual Studio 15
VisualStudioVersion = 15.0.28010.2026
MinimumVisualStudioVersion = 10.0.40219.1
Project("{6EC3EE1D-3C4E-46DD-8F32-0CC8E7565705}") = "NumberTrackingService.Processor", "src\NumberTrackingService.Processor\NumberTrackingService.Processor.fsproj", "{75191478-079B-4B69-A4FD-9EE13F980616}"
EndProject
Project("{6EC3EE1D-3C4E-46DD-8F32-0CC8E7565705}") = "NumberTrackingService.Client", "src\NumberTrackingService.Client\NumberTrackingService.Client.fsproj", "{778D429E-CFD7-413B-8883-B930DBB72FA1}"
EndProject
Project("{2150E333-8FDC-42A3-9474-1A3956D46DE8}") = "src", "src", "{52C2B67E-7470-4C9A-9682-DFEC5DCC7471}"
EndProject
Project("{2150E333-8FDC-42A3-9474-1A3956D46DE8}") = "tests", "tests", "{9FA1F729-C0B3-40E5-A5A1-7FD268A2C83E}"
EndProject
Project("{6EC3EE1D-3C4E-46DD-8F32-0CC8E7565705}") = "NumberTrackingService.Api", "src\NumberTrackingService.Api\NumberTrackingService.Api.fsproj", "{DD16CF96-FD1E-46D6-B560-40D8B95157A8}"
EndProject
Project("{6EC3EE1D-3C4E-46DD-8F32-0CC8E7565705}") = "NumberTrackingService.Models", "src\NumberTrackingService.Models\NumberTrackingService.Models.fsproj", "{0FDF7D77-9914-4EF1-8AB8-D653F1E47557}"
EndProject
Project("{6EC3EE1D-3C4E-46DD-8F32-0CC8E7565705}") = "NumberTrackingService.Infrastructure", "src\NumberTrackingService.Infrastructure\NumberTrackingService.Infrastructure.fsproj", "{89B4FB83-7B2A-465F-88EC-724B71DFCB8C}"
EndProject
Project("{2150E333-8FDC-42A3-9474-1A3956D46DE8}") = "Solution Items", "Solution Items", "{BD9D32C4-5D5D-41DE-B57E-34484519CEEA}"
	ProjectSection(SolutionItems) = preProject
		.gitignore = .gitignore
		docker-compose.integration-tests.yml = docker-compose.integration-tests.yml
		docker-compose.yml = docker-compose.yml
		integration-tests.env = integration-tests.env
		publish.ps1 = publish.ps1
		publishandruntests.ps1 = publishandruntests.ps1
		runtests.ps1 = runtests.ps1
		startlocalenv.ps1 = startlocalenv.ps1
	EndProjectSection
EndProject
Project("{6EC3EE1D-3C4E-46DD-8F32-0CC8E7565705}") = "NumberTrackingService.IntegrationTests", "tests\NumberTrackingService.IntegrationTests\NumberTrackingService.IntegrationTests.fsproj", "{4177BA33-A48A-45F3-BD32-B8803A44C51E}"
EndProject
Project("{2150E333-8FDC-42A3-9474-1A3956D46DE8}") = "environment", "environment", "{5FFC3655-AD8B-4D0C-979F-3772CA9D3ABC}"
EndProject
Project("{2150E333-8FDC-42A3-9474-1A3956D46DE8}") = "localstack", "localstack", "{E53C3959-3242-41C6-97FA-F8802BD25E35}"
	ProjectSection(SolutionItems) = preProject
		environment\localstack\Dockerfile = environment\localstack\Dockerfile
		environment\localstack\sqs_starter.py = environment\localstack\sqs_starter.py
	EndProjectSection
EndProject
Project("{2150E333-8FDC-42A3-9474-1A3956D46DE8}") = "postgres", "postgres", "{6B1DE39F-E7D0-4375-B51F-493C316253C9}"
	ProjectSection(SolutionItems) = preProject
		environment\postgres\Dockerfile = environment\postgres\Dockerfile
	EndProjectSection
EndProject
Project("{2150E333-8FDC-42A3-9474-1A3956D46DE8}") = "Scripts", "Scripts", "{F300D1CA-C6CF-4CCA-8872-647A5DD3CCC0}"
	ProjectSection(SolutionItems) = preProject
		environment\postgres\Scripts\0001 - Create location_number table.sql = environment\postgres\Scripts\0001 - Create location_number table.sql
	EndProjectSection
EndProject
Global
	GlobalSection(SolutionConfigurationPlatforms) = preSolution
		Debug|Any CPU = Debug|Any CPU
		Release|Any CPU = Release|Any CPU
	EndGlobalSection
	GlobalSection(ProjectConfigurationPlatforms) = postSolution
		{75191478-079B-4B69-A4FD-9EE13F980616}.Debug|Any CPU.ActiveCfg = Debug|Any CPU
		{75191478-079B-4B69-A4FD-9EE13F980616}.Debug|Any CPU.Build.0 = Debug|Any CPU
		{75191478-079B-4B69-A4FD-9EE13F980616}.Release|Any CPU.ActiveCfg = Release|Any CPU
		{75191478-079B-4B69-A4FD-9EE13F980616}.Release|Any CPU.Build.0 = Release|Any CPU
		{778D429E-CFD7-413B-8883-B930DBB72FA1}.Debug|Any CPU.ActiveCfg = Debug|Any CPU
		{778D429E-CFD7-413B-8883-B930DBB72FA1}.Debug|Any CPU.Build.0 = Debug|Any CPU
		{778D429E-CFD7-413B-8883-B930DBB72FA1}.Release|Any CPU.ActiveCfg = Release|Any CPU
		{778D429E-CFD7-413B-8883-B930DBB72FA1}.Release|Any CPU.Build.0 = Release|Any CPU
		{DD16CF96-FD1E-46D6-B560-40D8B95157A8}.Debug|Any CPU.ActiveCfg = Debug|Any CPU
		{DD16CF96-FD1E-46D6-B560-40D8B95157A8}.Debug|Any CPU.Build.0 = Debug|Any CPU
		{DD16CF96-FD1E-46D6-B560-40D8B95157A8}.Release|Any CPU.ActiveCfg = Release|Any CPU
		{DD16CF96-FD1E-46D6-B560-40D8B95157A8}.Release|Any CPU.Build.0 = Release|Any CPU
		{0FDF7D77-9914-4EF1-8AB8-D653F1E47557}.Debug|Any CPU.ActiveCfg = Debug|Any CPU
		{0FDF7D77-9914-4EF1-8AB8-D653F1E47557}.Debug|Any CPU.Build.0 = Debug|Any CPU
		{0FDF7D77-9914-4EF1-8AB8-D653F1E47557}.Release|Any CPU.ActiveCfg = Release|Any CPU
		{0FDF7D77-9914-4EF1-8AB8-D653F1E47557}.Release|Any CPU.Build.0 = Release|Any CPU
		{89B4FB83-7B2A-465F-88EC-724B71DFCB8C}.Debug|Any CPU.ActiveCfg = Debug|Any CPU
		{89B4FB83-7B2A-465F-88EC-724B71DFCB8C}.Debug|Any CPU.Build.0 = Debug|Any CPU
		{89B4FB83-7B2A-465F-88EC-724B71DFCB8C}.Release|Any CPU.ActiveCfg = Release|Any CPU
		{89B4FB83-7B2A-465F-88EC-724B71DFCB8C}.Release|Any CPU.Build.0 = Release|Any CPU
		{4177BA33-A48A-45F3-BD32-B8803A44C51E}.Debug|Any CPU.ActiveCfg = Debug|Any CPU
		{4177BA33-A48A-45F3-BD32-B8803A44C51E}.Debug|Any CPU.Build.0 = Debug|Any CPU
		{4177BA33-A48A-45F3-BD32-B8803A44C51E}.Release|Any CPU.ActiveCfg = Release|Any CPU
		{4177BA33-A48A-45F3-BD32-B8803A44C51E}.Release|Any CPU.Build.0 = Release|Any CPU
	EndGlobalSection
	GlobalSection(SolutionProperties) = preSolution
		HideSolutionNode = FALSE
	EndGlobalSection
	GlobalSection(NestedProjects) = preSolution
		{75191478-079B-4B69-A4FD-9EE13F980616} = {52C2B67E-7470-4C9A-9682-DFEC5DCC7471}
		{778D429E-CFD7-413B-8883-B930DBB72FA1} = {52C2B67E-7470-4C9A-9682-DFEC5DCC7471}
		{DD16CF96-FD1E-46D6-B560-40D8B95157A8} = {52C2B67E-7470-4C9A-9682-DFEC5DCC7471}
		{0FDF7D77-9914-4EF1-8AB8-D653F1E47557} = {52C2B67E-7470-4C9A-9682-DFEC5DCC7471}
		{89B4FB83-7B2A-465F-88EC-724B71DFCB8C} = {52C2B67E-7470-4C9A-9682-DFEC5DCC7471}
		{4177BA33-A48A-45F3-BD32-B8803A44C51E} = {9FA1F729-C0B3-40E5-A5A1-7FD268A2C83E}
		{E53C3959-3242-41C6-97FA-F8802BD25E35} = {5FFC3655-AD8B-4D0C-979F-3772CA9D3ABC}
		{6B1DE39F-E7D0-4375-B51F-493C316253C9} = {5FFC3655-AD8B-4D0C-979F-3772CA9D3ABC}
		{F300D1CA-C6CF-4CCA-8872-647A5DD3CCC0} = {6B1DE39F-E7D0-4375-B51F-493C316253C9}
	EndGlobalSection
	GlobalSection(ExtensibilityGlobals) = postSolution
		SolutionGuid = {3CF0558F-4AC4-4698-A5FC-46B210BFFBED}
	EndGlobalSection
EndGlobal
